
Microsoft Visual Studio Solution File, Format Version 12.00
# Visual Studio 15
VisualStudioVersion = 15.0.27703.2035
MinimumVisualStudioVersion = 10.0.40219.1
Project("{FAE04EC0-301F-11D3-BF4B-00C04F79EFBC}") = "AddressesAndEmployesApp", "AddressesAndEmployesApp\AddressesAndEmployesApp.csproj", "{027D6328-29C8-4729-9036-4E7D3FA3BBEB}"
EndProject
Global
	GlobalSection(SolutionConfigurationPlatforms) = preSolution
		Debug|Any CPU = Debug|Any CPU
		Release|Any CPU = Release|Any CPU
	EndGlobalSection
	GlobalSection(ProjectConfigurationPlatforms) = postSolution
		{027D6328-29C8-4729-9036-4E7D3FA3BBEB}.Debug|Any CPU.ActiveCfg = Debug|Any CPU
		{027D6328-29C8-4729-9036-4E7D3FA3BBEB}.Debug|Any CPU.Build.0 = Debug|Any CPU
		{027D6328-29C8-4729-9036-4E7D3FA3BBEB}.Release|Any CPU.ActiveCfg = Release|Any CPU
		{027D6328-29C8-4729-9036-4E7D3FA3BBEB}.Release|Any CPU.Build.0 = Release|Any CPU
	EndGlobalSection
	GlobalSection(SolutionProperties) = preSolution
		HideSolutionNode = FALSE
	EndGlobalSection
	GlobalSection(ExtensibilityGlobals) = postSolution
		SolutionGuid = {5DB5FE93-6B1C-428C-908B-AACD114663A3}
	EndGlobalSection
EndGlobal
